devDependencies:
  sass: 1.17.3
lockfileVersion: 5
packages:
  /anymatch/2.0.0:
    dependencies:
      micromatch: 3.1.10
      normalize-path: 2.1.1
    dev: true
    resolution:
      integrity: sha512-5teOsQWABXHHBFP9y3skS5P3d/WfWXpv3FUpy+LorMrNYaT9pI4oLMQX7jzQ2KklNpGpWHzdCXTDT2Y3XGlZBw==
  /arr-diff/4.0.0:
    dev: true
    engines:
      node: '>=0.10.0'
    resolution:
      integrity: sha1-1kYQdP6/7HHn4VI1dhoyml3HxSA=
  /arr-flatten/1.1.0:
    dev: true
    engines:
      node: '>=0.10.0'
    resolution:
      integrity: sha512-L3hKV5R/p5o81R7O02IGnwpDmkp6E982XhtbuwSe3O4qOtMMMtodicASA1Cny2U+aCXcNpml+m4dPsvsJ3jatg==
  /arr-union/3.1.0:
    dev: true
    engines:
      node: '>=0.10.0'
    resolution:
      integrity: sha1-45sJrqne+Gao8gbiiK9jkZuuOcQ=
  /array-unique/0.3.2:
    dev: true
    engines:
      node: '>=0.10.0'
    resolution:
      integrity: sha1-qJS3XUvE9s1nnvMkSp/Y9Gri1Cg=
  /assign-symbols/1.0.0:
    dev: true
    engines:
      node: '>=0.10.0'
    resolution:
      integrity: sha1-WWZ/QfrdTyDMvCu5a41Pf3jsA2c=
  /async-each/1.0.2:
    dev: true
    resolution:
      integrity: sha512-6xrbvN0MOBKSJDdonmSSz2OwFSgxRaVtBDes26mj9KIGtDo+g9xosFRSC+i1gQh2oAN/tQ62AI/pGZGQjVOiRg==
  /atob/2.1.2:
    dev: true
    engines:
      node: '>= 4.5.0'
    hasBin: true
    resolution:
      integrity: sha512-Wm6ukoaOGJi/73p/cl2GvLjTI5JM1k/O14isD73YML8StrH/7/lRFgmg8nICZgD3bZZvjwCGxtMOD3wWNAu8cg==
  /base/0.11.2:
    dependencies:
      cache-base: 1.0.1
      class-utils: 0.3.6
      component-emitter: 1.2.1
      define-property: 1.0.0
      isobject: 3.0.1
      mixin-deep: 1.3.1
      pascalcase: 0.1.1
    dev: true
    engines:
      node: '>=0.10.0'
    resolution:
      integrity: sha512-5T6P4xPgpp0YDFvSWwEZ4NoE3aM4QBQXDzmVbraCkFj8zHM+mba8SyqB5DbZWyR7mYHo6Y7BdQo3MoA4m0TeQg==
  /binary-extensions/1.13.0:
    dev: true
    engines:
      node: '>=0.10.0'
    resolution:
      integrity: sha512-EgmjVLMn22z7eGGv3kcnHwSnJXmFHjISTY9E/S5lIcTD3Oxw05QTcBLNkJFzcb3cNueUdF/IN4U+d78V0zO8Hw==
  /braces/2.3.2:
    dependencies:
      arr-flatten: 1.1.0
      array-unique: 0.3.2
      extend-shallow: 2.0.1
      fill-range: 4.0.0
      isobject: 3.0.1
      repeat-element: 1.1.3
      snapdragon: 0.8.2
      snapdragon-node: 2.1.1
      split-string: 3.1.0
      to-regex: 3.0.2
    dev: true
    engines:
      node: '>=0.10.0'
    resolution:
      integrity: sha512-aNdbnj9P8PjdXU4ybaWLK2IF3jc/EoDYbC7AazW6to3TRsfXxscC9UXOB5iDiEQrkyIbWp2SLQda4+QAa7nc3w==
  /cache-base/1.0.1:
    dependencies:
      collection-visit: 1.0.0
      component-emitter: 1.2.1
      get-value: 2.0.6
      has-value: 1.0.0
      isobject: 3.0.1
      set-value: 2.0.0
      to-object-path: 0.3.0
      union-value: 1.0.0
      unset-value: 1.0.0
    dev: true
    engines:
      node: '>=0.10.0'
    resolution:
      integrity: sha512-AKcdTnFSWATd5/GCPRxr2ChwIJ85CeyrEyjRHlKxQ56d4XJMGym0uAiKn0xbLOGOl3+yRpOTi484dVCEc5AUzQ==
  /chokidar/2.1.2:
    dependencies:
      anymatch: 2.0.0
      async-each: 1.0.2
      braces: 2.3.2
      glob-parent: 3.1.0
      inherits: 2.0.3
      is-binary-path: 1.0.1
      is-glob: 4.0.0
      normalize-path: 3.0.0
      path-is-absolute: 1.0.1
      readdirp: 2.2.1
      upath: 1.1.2
    dev: true
    optionalDependencies:
      fsevents: 1.2.7
    resolution:
      integrity: sha512-IwXUx0FXc5ibYmPC2XeEj5mpXoV66sR+t3jqu2NS2GYwCktt3KF1/Qqjws/NkegajBA4RbZ5+DDwlOiJsxDHEg==
  /class-utils/0.3.6:
    dependencies:
      arr-union: 3.1.0
      define-property: 0.2.5
      isobject: 3.0.1
      static-extend: 0.1.2
    dev: true
    engines:
      node: '>=0.10.0'
    resolution:
      integrity: sha512-qOhPa/Fj7s6TY8H8esGu5QNpMMQxz79h+urzrNYN6mn+9BnxlDGf5QZ+XeCDsxSjPqsSR56XOZOJmpeurnLMeg==
  /collection-visit/1.0.0:
    dependencies:
      map-visit: 1.0.0
      object-visit: 1.0.1
    dev: true
    engines:
      node: '>=0.10.0'
    resolution:
      integrity: sha1-S8A3PBZLwykbTTaMgpzxqApZ3KA=
  /component-emitter/1.2.1:
    dev: true
    resolution:
      integrity: sha1-E3kY1teCg/ffemt8WmPhQOaUJeY=
  /copy-descriptor/0.1.1:
    dev: true
    engines:
      node: '>=0.10.0'
    resolution:
      integrity: sha1-Z29us8OZl8LuGsOpJP1hJHSPV40=
  /core-util-is/1.0.2:
    dev: true
    resolution:
      integrity: sha1-tf1UIgqivFq1eqtxQMlAdUUDwac=
  /debug/2.6.9:
    dependencies:
      ms: 2.0.0
    dev: true
    resolution:
      integrity: sha512-bC7ElrdJaJnPbAP+1EotYvqZsb3ecl5wi6Bfi6BJTUcNowp6cvspg0jXznRTKDjm/E7AdgFBVeAPVMNcKGsHMA==
  /decode-uri-component/0.2.0:
    dev: true
    engines:
      node: '>=0.10'
    resolution:
      integrity: sha1-6zkTMzRYd1y4TNGh+uBiEGu4dUU=
  /define-property/0.2.5:
    dependencies:
      is-descriptor: 0.1.6
    dev: true
    engines:
      node: '>=0.10.0'
    resolution:
      integrity: sha1-w1se+RjsPJkPmlvFe+BKrOxcgRY=
  /define-property/1.0.0:
    dependencies:
      is-descriptor: 1.0.2
    dev: true
    engines:
      node: '>=0.10.0'
    resolution:
      integrity: sha1-dp66rz9KY6rTr56NMEybvnm/sOY=
  /define-property/2.0.2:
    dependencies:
      is-descriptor: 1.0.2
      isobject: 3.0.1
    dev: true
    engines:
      node: '>=0.10.0'
    resolution:
      integrity: sha512-jwK2UV4cnPpbcG7+VRARKTZPUWowwXA8bzH5NP6ud0oeAxyYPuGZUAC7hMugpCdz4BeSZl2Dl9k66CHJ/46ZYQ==
  /expand-brackets/2.1.4:
    dependencies:
      debug: 2.6.9
      define-property: 0.2.5
      extend-shallow: 2.0.1
      posix-character-classes: 0.1.1
      regex-not: 1.0.2
      snapdragon: 0.8.2
      to-regex: 3.0.2
    dev: true
    engines:
      node: '>=0.10.0'
    resolution:
      integrity: sha1-t3c14xXOMPa27/D4OwQVGiJEliI=
  /extend-shallow/2.0.1:
    dependencies:
      is-extendable: 0.1.1
    dev: true
    engines:
      node: '>=0.10.0'
    resolution:
      integrity: sha1-Ua99YUrZqfYQ6huvu5idaxxWiQ8=
  /extend-shallow/3.0.2:
    dependencies:
      assign-symbols: 1.0.0
      is-extendable: 1.0.1
    dev: true
    engines:
      node: '>=0.10.0'
    resolution:
      integrity: sha1-Jqcarwc7OfshJxcnRhMcJwQCjbg=
  /extglob/2.0.4:
    dependencies:
      array-unique: 0.3.2
      define-property: 1.0.0
      expand-brackets: 2.1.4
      extend-shallow: 2.0.1
      fragment-cache: 0.2.1
      regex-not: 1.0.2
      snapdragon: 0.8.2
      to-regex: 3.0.2
    dev: true
    engines:
      node: '>=0.10.0'
    resolution:
      integrity: sha512-Nmb6QXkELsuBr24CJSkilo6UHHgbekK5UiZgfE6UHD3Eb27YC6oD+bhcT+tJ6cl8dmsgdQxnWlcry8ksBIBLpw==
  /fill-range/4.0.0:
    dependencies:
      extend-shallow: 2.0.1
      is-number: 3.0.0
      repeat-string: 1.6.1
      to-regex-range: 2.1.1
    dev: true
    engines:
      node: '>=0.10.0'
    resolution:
      integrity: sha1-1USBHUKPmOsGpj3EAtJAPDKMOPc=
  /for-in/1.0.2:
    dev: true
    engines:
      node: '>=0.10.0'
    resolution:
      integrity: sha1-gQaNKVqBQuwKxybG4iAMMPttXoA=
  /fragment-cache/0.2.1:
    dependencies:
      map-cache: 0.2.2
    dev: true
    engines:
      node: '>=0.10.0'
    resolution:
      integrity: sha1-QpD60n8T6Jvn8zeZxrxaCr//DRk=
  /fsevents/1.2.7:
    bundledDependencies:
      - node-pre-gyp
    dependencies:
      nan: 2.13.1
    dev: true
    engines:
      node: '>=4.0'
    optional: true
    requiresBuild: true
    resolution:
      integrity: sha512-Pxm6sI2MeBD7RdD12RYsqaP0nMiwx8eZBXCa6z2L+mRHm2DYrOYwihmhjpkdjUHwQhslWQjRpEgNq4XvBmaAuw==
  /get-value/2.0.6:
    dev: true
    engines:
      node: '>=0.10.0'
    resolution:
      integrity: sha1-3BXKHGcjh8p2vTesCjlbogQqLCg=
  /glob-parent/3.1.0:
    dependencies:
      is-glob: 3.1.0
      path-dirname: 1.0.2
    dev: true
    resolution:
      integrity: sha1-nmr2KZ2NO9K9QEMIMr0RPfkGxa4=
  /graceful-fs/4.1.15:
    dev: true
    resolution:
      integrity: sha512-6uHUhOPEBgQ24HM+r6b/QwWfZq+yiFcipKFrOFiBEnWdy5sdzYoi+pJeQaPI5qOLRFqWmAXUPQNsielzdLoecA==
  /has-value/0.3.1:
    dependencies:
      get-value: 2.0.6
      has-values: 0.1.4
      isobject: 2.1.0
    dev: true
    engines:
      node: '>=0.10.0'
    resolution:
      integrity: sha1-ex9YutpiyoJ+wKIHgCVlSEWZXh8=
  /has-value/1.0.0:
    dependencies:
      get-value: 2.0.6
      has-values: 1.0.0
      isobject: 3.0.1
    dev: true
    engines:
      node: '>=0.10.0'
    resolution:
      integrity: sha1-GLKB2lhbHFxR3vJMkw7SmgvmsXc=
  /has-values/0.1.4:
    dev: true
    engines:
      node: '>=0.10.0'
    resolution:
      integrity: sha1-bWHeldkd/Km5oCCJrThL/49it3E=
  /has-values/1.0.0:
    dependencies:
      is-number: 3.0.0
      kind-of: 4.0.0
    dev: true
    engines:
      node: '>=0.10.0'
    resolution:
      integrity: sha1-lbC2P+whRmGab+V/51Yo1aOe/k8=
  /inherits/2.0.3:
    dev: true
    resolution:
      integrity: sha1-Yzwsg+PaQqUC9SRmAiSA9CCCYd4=
  /is-accessor-descriptor/0.1.6:
    dependencies:
      kind-of: 3.2.2
    dev: true
    engines:
      node: '>=0.10.0'
    resolution:
      integrity: sha1-qeEss66Nh2cn7u84Q/igiXtcmNY=
  /is-accessor-descriptor/1.0.0:
    dependencies:
      kind-of: 6.0.2
    dev: true
    engines:
      node: '>=0.10.0'
    resolution:
      integrity: sha512-m5hnHTkcVsPfqx3AKlyttIPb7J+XykHvJP2B9bZDjlhLIoEq4XoK64Vg7boZlVWYK6LUY94dYPEE7Lh0ZkZKcQ==
  /is-binary-path/1.0.1:
    dependencies:
      binary-extensions: 1.13.0
    dev: true
    engines:
      node: '>=0.10.0'
    resolution:
      integrity: sha1-dfFmQrSA8YenEcgUFh/TpKdlWJg=
  /is-buffer/1.1.6:
    dev: true
    resolution:
      integrity: sha512-NcdALwpXkTm5Zvvbk7owOUSvVvBKDgKP5/ewfXEznmQFfs4ZRmanOeKBTjRVjka3QFoN6XJ+9F3USqfHqTaU5w==
  /is-data-descriptor/0.1.4:
    dependencies:
      kind-of: 3.2.2
    dev: true
    engines:
      node: '>=0.10.0'
    resolution:
      integrity: sha1-C17mSDiOLIYCgueT8YVv7D8wG1Y=
  /is-data-descriptor/1.0.0:
    dependencies:
      kind-of: 6.0.2
    dev: true
    engines:
      node: '>=0.10.0'
    resolution:
      integrity: sha512-jbRXy1FmtAoCjQkVmIVYwuuqDFUbaOeDjmed1tOGPrsMhtJA4rD9tkgA0F1qJ3gRFRXcHYVkdeaP50Q5rE/jLQ==
  /is-descriptor/0.1.6:
    dependencies:
      is-accessor-descriptor: 0.1.6
      is-data-descriptor: 0.1.4
      kind-of: 5.1.0
    dev: true
    engines:
      node: '>=0.10.0'
    resolution:
      integrity: sha512-avDYr0SB3DwO9zsMov0gKCESFYqCnE4hq/4z3TdUlukEy5t9C0YRq7HLrsN52NAcqXKaepeCD0n+B0arnVG3Hg==
  /is-descriptor/1.0.2:
    dependencies:
      is-accessor-descriptor: 1.0.0
      is-data-descriptor: 1.0.0
      kind-of: 6.0.2
    dev: true
    engines:
      node: '>=0.10.0'
    resolution:
      integrity: sha512-2eis5WqQGV7peooDyLmNEPUrps9+SXX5c9pL3xEB+4e9HnGuDa7mB7kHxHw4CbqS9k1T2hOH3miL8n8WtiYVtg==
  /is-extendable/0.1.1:
    dev: true
    engines:
      node: '>=0.10.0'
    resolution:
      integrity: sha1-YrEQ4omkcUGOPsNqYX1HLjAd/Ik=
  /is-extendable/1.0.1:
    dependencies:
      is-plain-object: 2.0.4
    dev: true
    engines:
      node: '>=0.10.0'
    resolution:
      integrity: sha512-arnXMxT1hhoKo9k1LZdmlNyJdDDfy2v0fXjFlmok4+i8ul/6WlbVge9bhM74OpNPQPMGUToDtz+KXa1PneJxOA==
  /is-extglob/2.1.1:
    dev: true
    engines:
      node: '>=0.10.0'
    resolution:
      integrity: sha1-qIwCU1eR8C7TfHahueqXc8gz+MI=
  /is-glob/3.1.0:
    dependencies:
      is-extglob: 2.1.1
    dev: true
    engines:
      node: '>=0.10.0'
    resolution:
      integrity: sha1-e6WuJCF4BKxwcHuWkiVnSGzD6Eo=
  /is-glob/4.0.0:
    dependencies:
      is-extglob: 2.1.1
    dev: true
    engines:
      node: '>=0.10.0'
    resolution:
      integrity: sha1-lSHHaEXMJhCoUgPd8ICpWML/q8A=
  /is-number/3.0.0:
    dependencies:
      kind-of: 3.2.2
    dev: true
    engines:
      node: '>=0.10.0'
    resolution:
      integrity: sha1-JP1iAaR4LPUFYcgQJ2r8fRLXEZU=
  /is-plain-object/2.0.4:
    dependencies:
      isobject: 3.0.1
    dev: true
    engines:
      node: '>=0.10.0'
    resolution:
      integrity: sha512-h5PpgXkWitc38BBMYawTYMWJHFZJVnBquFE57xFpjB8pJFiF6gZ+bU+WyI/yqXiFR5mdLsgYNaPe8uao6Uv9Og==
  /is-windows/1.0.2:
    dev: true
    engines:
      node: '>=0.10.0'
    resolution:
      integrity: sha512-eXK1UInq2bPmjyX6e3VHIzMLobc4J94i4AWn+Hpq3OU5KkrRC96OAcR3PRJ/pGu6m8TRnBHP9dkXQVsT/COVIA==
  /isarray/1.0.0:
    dev: true
    resolution:
      integrity: sha1-u5NdSFgsuhaMBoNJV6VKPgcSTxE=
  /isobject/2.1.0:
    dependencies:
      isarray: 1.0.0
    dev: true
    engines:
      node: '>=0.10.0'
    resolution:
      integrity: sha1-8GVWEJaj8dou9GJy+BXIQNh+DIk=
  /isobject/3.0.1:
    dev: true
    engines:
      node: '>=0.10.0'
    resolution:
      integrity: sha1-TkMekrEalzFjaqH5yNHMvP2reN8=
  /kind-of/3.2.2:
    dependencies:
      is-buffer: 1.1.6
    dev: true
    engines:
      node: '>=0.10.0'
    resolution:
      integrity: sha1-MeohpzS6ubuw8yRm2JOupR5KPGQ=
  /kind-of/4.0.0:
    dependencies:
      is-buffer: 1.1.6
    dev: true
    engines:
      node: '>=0.10.0'
    resolution:
      integrity: sha1-IIE989cSkosgc3hpGkUGb65y3Vc=
  /kind-of/5.1.0:
    dev: true
    engines:
      node: '>=0.10.0'
    resolution:
      integrity: sha512-NGEErnH6F2vUuXDh+OlbcKW7/wOcfdRHaZ7VWtqCztfHri/++YKmP51OdWeGPuqCOba6kk2OTe5d02VmTB80Pw==
  /kind-of/6.0.2:
    dev: true
    engines:
      node: '>=0.10.0'
    resolution:
      integrity: sha512-s5kLOcnH0XqDO+FvuaLX8DDjZ18CGFk7VygH40QoKPUQhW4e2rvM0rwUq0t8IQDOwYSeLK01U90OjzBTme2QqA==
  /map-cache/0.2.2:
    dev: true
    engines:
      node: '>=0.10.0'
    resolution:
      integrity: sha1-wyq9C9ZSXZsFFkW7TyasXcmKDb8=
  /map-visit/1.0.0:
    dependencies:
      object-visit: 1.0.1
    dev: true
    engines:
      node: '>=0.10.0'
    resolution:
      integrity: sha1-7Nyo8TFE5mDxtb1B8S80edmN+48=
  /micromatch/3.1.10:
    dependencies:
      arr-diff: 4.0.0
      array-unique: 0.3.2
      braces: 2.3.2
      define-property: 2.0.2
      extend-shallow: 3.0.2
      extglob: 2.0.4
      fragment-cache: 0.2.1
      kind-of: 6.0.2
      nanomatch: 1.2.13
      object.pick: 1.3.0
      regex-not: 1.0.2
      snapdragon: 0.8.2
      to-regex: 3.0.2
    dev: true
    engines:
      node: '>=0.10.0'
    resolution:
      integrity: sha512-MWikgl9n9M3w+bpsY3He8L+w9eF9338xRl8IAO5viDizwSzziFEyUzo2xrrloB64ADbTf8uA8vRqqttDTOmccg==
  /mixin-deep/1.3.1:
    dependencies:
      for-in: 1.0.2
      is-extendable: 1.0.1
    dev: true
    engines:
      node: '>=0.10.0'
    resolution:
      integrity: sha512-8ZItLHeEgaqEvd5lYBXfm4EZSFCX29Jb9K+lAHhDKzReKBQKj3R+7NOF6tjqYi9t4oI8VUfaWITJQm86wnXGNQ==
  /ms/2.0.0:
    dev: true
    resolution:
      integrity: sha1-VgiurfwAvmwpAd9fmGF4jeDVl8g=
  /nan/2.13.1:
    dev: true
    optional: true
    resolution:
      integrity: sha512-I6YB/YEuDeUZMmhscXKxGgZlFnhsn5y0hgOZBadkzfTRrZBtJDZeg6eQf7PYMIEclwmorTKK8GztsyOUSVBREA==
  /nanomatch/1.2.13:
    dependencies:
      arr-diff: 4.0.0
      array-unique: 0.3.2
      define-property: 2.0.2
      extend-shallow: 3.0.2
      fragment-cache: 0.2.1
      is-windows: 1.0.2
      kind-of: 6.0.2
      object.pick: 1.3.0
      regex-not: 1.0.2
      snapdragon: 0.8.2
      to-regex: 3.0.2
    dev: true
    engines:
      node: '>=0.10.0'
    resolution:
      integrity: sha512-fpoe2T0RbHwBTBUOftAfBPaDEi06ufaUai0mE6Yn1kacc3SnTErfb/h+X94VXzI64rKFHYImXSvdwGGCmwOqCA==
  /normalize-path/2.1.1:
    dependencies:
      remove-trailing-separator: 1.1.0
    dev: true
    engines:
      node: '>=0.10.0'
    resolution:
      integrity: sha1-GrKLVW4Zg2Oowab35vogE3/mrtk=
  /normalize-path/3.0.0:
    dev: true
    engines:
      node: '>=0.10.0'
    resolution:
      integrity: sha512-6eZs5Ls3WtCisHWp9S2GUy8dqkpGi4BVSz3GaqiE6ezub0512ESztXUwUB6C6IKbQkY2Pnb/mD4WYojCRwcwLA==
  /object-copy/0.1.0:
    dependencies:
      copy-descriptor: 0.1.1
      define-property: 0.2.5
      kind-of: 3.2.2
    dev: true
    engines:
      node: '>=0.10.0'
    resolution:
      integrity: sha1-fn2Fi3gb18mRpBupde04EnVOmYw=
  /object-visit/1.0.1:
    dependencies:
      isobject: 3.0.1
    dev: true
    engines:
      node: '>=0.10.0'
    resolution:
      integrity: sha1-95xEk68MU3e1n+OdOV5BBC3QRbs=
  /object.pick/1.3.0:
    dependencies:
      isobject: 3.0.1
    dev: true
    engines:
      node: '>=0.10.0'
    resolution:
      integrity: sha1-h6EKxMFpS9Lhy/U1kaZhQftd10c=
  /pascalcase/0.1.1:
    dev: true
    engines:
      node: '>=0.10.0'
    resolution:
      integrity: sha1-s2PlXoAGym/iF4TS2yK9FdeRfxQ=
  /path-dirname/1.0.2:
    dev: true
    resolution:
      integrity: sha1-zDPSTVJeCZpTiMAzbG4yuRYGCeA=
  /path-is-absolute/1.0.1:
    dev: true
    engines:
      node: '>=0.10.0'
    resolution:
      integrity: sha1-F0uSaHNVNP+8es5r9TpanhtcX18=
  /posix-character-classes/0.1.1:
    dev: true
    engines:
      node: '>=0.10.0'
    resolution:
      integrity: sha1-AerA/jta9xoqbAL+q7jB/vfgDqs=
  /process-nextick-args/2.0.0:
    dev: true
    resolution:
      integrity: sha512-MtEC1TqN0EU5nephaJ4rAtThHtC86dNN9qCuEhtshvpVBkAW5ZO7BASN9REnF9eoXGcRub+pFuKEpOHE+HbEMw==
  /readable-stream/2.3.6:
    dependencies:
      core-util-is: 1.0.2
      inherits: 2.0.3
      isarray: 1.0.0
      process-nextick-args: 2.0.0
      safe-buffer: 5.1.2
      string_decoder: 1.1.1
      util-deprecate: 1.0.2
    dev: true
    resolution:
      integrity: sha512-tQtKA9WIAhBF3+VLAseyMqZeBjW0AHJoxOtYqSUZNJxauErmLbVm2FW1y+J/YA9dUrAC39ITejlZWhVIwawkKw==
  /readdirp/2.2.1:
    dependencies:
      graceful-fs: 4.1.15
      micromatch: 3.1.10
      readable-stream: 2.3.6
    dev: true
    engines:
      node: '>=0.10'
    resolution:
      integrity: sha512-1JU/8q+VgFZyxwrJ+SVIOsh+KywWGpds3NTqikiKpDMZWScmAYyKIgqkO+ARvNWJfXeXR1zxz7aHF4u4CyH6vQ==
  /regex-not/1.0.2:
    dependencies:
      extend-shallow: 3.0.2
      safe-regex: 1.1.0
    dev: true
    engines:
      node: '>=0.10.0'
    resolution:
      integrity: sha512-J6SDjUgDxQj5NusnOtdFxDwN/+HWykR8GELwctJ7mdqhcyy1xEc4SRFHUXvxTp661YaVKAjfRLZ9cCqS6tn32A==
  /remove-trailing-separator/1.1.0:
    dev: true
    resolution:
      integrity: sha1-wkvOKig62tW8P1jg1IJJuSN52O8=
  /repeat-element/1.1.3:
    dev: true
    engines:
      node: '>=0.10.0'
    resolution:
      integrity: sha512-ahGq0ZnV5m5XtZLMb+vP76kcAM5nkLqk0lpqAuojSKGgQtn4eRi4ZZGm2olo2zKFH+sMsWaqOCW1dqAnOru72g==
  /repeat-string/1.6.1:
    dev: true
    engines:
      node: '>=0.10'
    resolution:
      integrity: sha1-jcrkcOHIirwtYA//Sndihtp15jc=
  /resolve-url/0.2.1:
    dev: true
    resolution:
      integrity: sha1-LGN/53yJOv0qZj/iGqkIAGjiBSo=
  /ret/0.1.15:
    dev: true
    engines:
      node: '>=0.12'
    resolution:
      integrity: sha512-TTlYpa+OL+vMMNG24xSlQGEJ3B/RzEfUlLct7b5G/ytav+wPrplCpVMFuwzXbkecJrb6IYo1iFb0S9v37754mg==
  /safe-buffer/5.1.2:
    dev: true
    resolution:
      integrity: sha512-Gd2UZBJDkXlY7GbJxfsE8/nvKkUEU1G38c1siN6QP6a9PT9MmHB8GnpscSmMJSoF8LOIrt8ud/wPtojys4G6+g==
  /safe-regex/1.1.0:
    dependencies:
      ret: 0.1.15
    dev: true
    resolution:
      integrity: sha1-QKNmnzsHfR6UPURinhV91IAjvy4=
  /sass/1.17.3:
    dependencies:
      chokidar: 2.1.2
    dev: true
    engines:
      node: '>=0.11.8'
    hasBin: true
    resolution:
      integrity: sha512-S4vJawbrNUxJUBiHLXPYUKZCoO6cvq3/3ZFBV66a+PafTxcDEFJB+FHLDFl0P+rUfha/703ajEXMuGTYhJESkQ==
  /set-value/0.4.3:
    dependencies:
      extend-shallow: 2.0.1
      is-extendable: 0.1.1
      is-plain-object: 2.0.4
      to-object-path: 0.3.0
    dev: true
    engines:
      node: '>=0.10.0'
    resolution:
      integrity: sha1-fbCPnT0i3H945Trzw79GZuzfzPE=
  /set-value/2.0.0:
    dependencies:
      extend-shallow: 2.0.1
      is-extendable: 0.1.1
      is-plain-object: 2.0.4
      split-string: 3.1.0
    dev: true
    engines:
      node: '>=0.10.0'
    resolution:
      integrity: sha512-hw0yxk9GT/Hr5yJEYnHNKYXkIA8mVJgd9ditYZCe16ZczcaELYYcfvaXesNACk2O8O0nTiPQcQhGUQj8JLzeeg==
  /snapdragon-node/2.1.1:
    dependencies:
      define-property: 1.0.0
      isobject: 3.0.1
      snapdragon-util: 3.0.1
    dev: true
    engines:
      node: '>=0.10.0'
    resolution:
      integrity: sha512-O27l4xaMYt/RSQ5TR3vpWCAB5Kb/czIcqUFOM/C4fYcLnbZUc1PkjTAMjof2pBWaSTwOUd6qUHcFGVGj7aIwnw==
  /snapdragon-util/3.0.1:
    dependencies:
      kind-of: 3.2.2
    dev: true
    engines:
      node: '>=0.10.0'
    resolution:
      integrity: sha512-mbKkMdQKsjX4BAL4bRYTj21edOf8cN7XHdYUJEe+Zn99hVEYcMvKPct1IqNe7+AZPirn8BCDOQBHQZknqmKlZQ==
  /snapdragon/0.8.2:
    dependencies:
      base: 0.11.2
      debug: 2.6.9
      define-property: 0.2.5
      extend-shallow: 2.0.1
      map-cache: 0.2.2
      source-map: 0.5.7
      source-map-resolve: 0.5.2
      use: 3.1.1
    dev: true
    engines:
      node: '>=0.10.0'
    resolution:
      integrity: sha512-FtyOnWN/wCHTVXOMwvSv26d+ko5vWlIDD6zoUJ7LW8vh+ZBC8QdljveRP+crNrtBwioEUWy/4dMtbBjA4ioNlg==
  /source-map-resolve/0.5.2:
    dependencies:
      atob: 2.1.2
      decode-uri-component: 0.2.0
      resolve-url: 0.2.1
      source-map-url: 0.4.0
      urix: 0.1.0
    dev: true
    resolution:
      integrity: sha512-MjqsvNwyz1s0k81Goz/9vRBe9SZdB09Bdw+/zYyO+3CuPk6fouTaxscHkgtE8jKvf01kVfl8riHzERQ/kefaSA==
  /source-map-url/0.4.0:
    dev: true
    resolution:
      integrity: sha1-PpNdfd1zYxuXZZlW1VEo6HtQhKM=
  /source-map/0.5.7:
    dev: true
    engines:
      node: '>=0.10.0'
    resolution:
      integrity: sha1-igOdLRAh0i0eoUyA2OpGi6LvP8w=
  /split-string/3.1.0:
    dependencies:
      extend-shallow: 3.0.2
    dev: true
    engines:
      node: '>=0.10.0'
    resolution:
      integrity: sha512-NzNVhJDYpwceVVii8/Hu6DKfD2G+NrQHlS/V/qgv763EYudVwEcMQNxd2lh+0VrUByXN/oJkl5grOhYWvQUYiw==
  /static-extend/0.1.2:
    dependencies:
      define-property: 0.2.5
      object-copy: 0.1.0
    dev: true
    engines:
      node: '>=0.10.0'
    resolution:
      integrity: sha1-YICcOcv/VTNyJv1eC1IPNB8ftcY=
  /string_decoder/1.1.1:
    dependencies:
      safe-buffer: 5.1.2
    dev: true
    resolution:
      integrity: sha512-n/ShnvDi6FHbbVfviro+WojiFzv+s8MPMHBczVePfUpDJLwoLT0ht1l4YwBCbi8pJAveEEdnkHyPyTP/mzRfwg==
  /to-object-path/0.3.0:
    dependencies:
      kind-of: 3.2.2
    dev: true
    engines:
      node: '>=0.10.0'
    resolution:
      integrity: sha1-KXWIt7Dn4KwI4E5nL4XB9JmeF68=
  /to-regex-range/2.1.1:
    dependencies:
      is-number: 3.0.0
      repeat-string: 1.6.1
    dev: true
    engines:
      node: '>=0.10.0'
    resolution:
      integrity: sha1-fIDBe53+vlmeJzZ+DU3VWQFB2zg=
  /to-regex/3.0.2:
    dependencies:
      define-property: 2.0.2
      extend-shallow: 3.0.2
      regex-not: 1.0.2
      safe-regex: 1.1.0
    dev: true
    engines:
      node: '>=0.10.0'
    resolution:
      integrity: sha512-FWtleNAtZ/Ki2qtqej2CXTOayOH9bHDQF+Q48VpWyDXjbYxA4Yz8iDB31zXOBUlOHHKidDbqGVrTUvQMPmBGBw==
  /union-value/1.0.0:
    dependencies:
      arr-union: 3.1.0
      get-value: 2.0.6
      is-extendable: 0.1.1
      set-value: 0.4.3
    dev: true
    engines:
      node: '>=0.10.0'
    resolution:
      integrity: sha1-XHHDTLW61dzr4+oM0IIHulqhrqQ=
  /unset-value/1.0.0:
    dependencies:
      has-value: 0.3.1
      isobject: 3.0.1
    dev: true
    engines:
      node: '>=0.10.0'
    resolution:
      integrity: sha1-g3aHP30jNRef+x5vw6jtDfyKtVk=
  /upath/1.1.2:
    dev: true
    engines:
      node: '>=4'
    resolution:
      integrity: sha512-kXpym8nmDmlCBr7nKdIx8P2jNBa+pBpIUFRnKJ4dr8htyYGJFokkr2ZvERRtUN+9SY+JqXouNgUPtv6JQva/2Q==
  /urix/0.1.0:
    dev: true
    resolution:
      integrity: sha1-2pN/emLiH+wf0Y1Js1wpNQZ6bHI=
  /use/3.1.1:
    dev: true
    engines:
      node: '>=0.10.0'
    resolution:
      integrity: sha512-cwESVXlO3url9YWlFW/TA9cshCEhtu7IKJ/p5soJ/gGpj7vbvFrAY/eIioQ6Dw23KjZhYgiIo8HOs1nQ2vr/oQ==
  /util-deprecate/1.0.2:
    dev: true
    resolution:
      integrity: sha1-RQ1Nyfpw3nMnYvvS1KKJgUGaDM8=
specifiers:
  sass: ^1.17.3
